
Microsoft Visual Studio Solution File, Format Version 12.00
# Visual Studio Version 17
VisualStudioVersion = 17.0.31903.59
MinimumVisualStudioVersion = 10.0.40219.1
Project("{2150E333-8FDC-42A3-9474-1A3956D46DE8}") = "src", "src", "{F62EA347-7056-4445-BAD5-083359FFD1E1}"
EndProject
Project("{FAE04EC0-301F-11D3-BF4B-00C04F79EFBC}") = "AuctionService", "src\AuctionService\AuctionService.csproj", "{8953DECB-6800-4630-952D-F049A6DEE3D8}"
EndProject
Global
	GlobalSection(SolutionConfigurationPlatforms) = preSolution
		Debug|Any CPU = Debug|Any CPU
		Release|Any CPU = Release|Any CPU
	EndGlobalSection
	GlobalSection(SolutionProperties) = preSolution
		HideSolutionNode = FALSE
	EndGlobalSection
	GlobalSection(ProjectConfigurationPlatforms) = postSolution
		{8953DECB-6800-4630-952D-F049A6DEE3D8}.Debug|Any CPU.ActiveCfg = Debug|Any CPU
		{8953DECB-6800-4630-952D-F049A6DEE3D8}.Debug|Any CPU.Build.0 = Debug|Any CPU
		{8953DECB-6800-4630-952D-F049A6DEE3D8}.Release|Any CPU.ActiveCfg = Release|Any CPU
		{8953DECB-6800-4630-952D-F049A6DEE3D8}.Release|Any CPU.Build.0 = Release|Any CPU
	EndGlobalSection
	GlobalSection(NestedProjects) = preSolution
		{8953DECB-6800-4630-952D-F049A6DEE3D8} = {F62EA347-7056-4445-BAD5-083359FFD1E1}
	EndGlobalSection
EndGlobal
